
Microsoft Visual Studio Solution File, Format Version 12.00
# Visual Studio Version 17
VisualStudioVersion = 17.10.35027.167
MinimumVisualStudioVersion = 10.0.40219.1
Project("{9A19103F-16F7-4668-BE54-9A1E7A4F7556}") = "Gestao", "Gestao\Gestao\Gestao.csproj", "{0495210E-9681-4998-9A4C-631BEB1979F9}"
EndProject
Project("{9A19103F-16F7-4668-BE54-9A1E7A4F7556}") = "Gestao.Client", "Gestao\Gestao.Client\Gestao.Client.csproj", "{72A3CEBF-FAA2-4471-B6CC-02F553B393EA}"
EndProject
Project("{FAE04EC0-301F-11D3-BF4B-00C04F79EFBC}") = "Gestao.Domain", "Gestao.Domain\Gestao.Domain.csproj", "{D6D386A6-01FB-45AF-9DDC-462D98C91FE2}"
EndProject
Global
	GlobalSection(SolutionConfigurationPlatforms) = preSolution
		Debug|Any CPU = Debug|Any CPU
		Release|Any CPU = Release|Any CPU
	EndGlobalSection
	GlobalSection(ProjectConfigurationPlatforms) = postSolution
		{0495210E-9681-4998-9A4C-631BEB1979F9}.Debug|Any CPU.ActiveCfg = Debug|Any CPU
		{0495210E-9681-4998-9A4C-631BEB1979F9}.Debug|Any CPU.Build.0 = Debug|Any CPU
		{0495210E-9681-4998-9A4C-631BEB1979F9}.Release|Any CPU.ActiveCfg = Release|Any CPU
		{0495210E-9681-4998-9A4C-631BEB1979F9}.Release|Any CPU.Build.0 = Release|Any CPU
		{72A3CEBF-FAA2-4471-B6CC-02F553B393EA}.Debug|Any CPU.ActiveCfg = Debug|Any CPU
		{72A3CEBF-FAA2-4471-B6CC-02F553B393EA}.Debug|Any CPU.Build.0 = Debug|Any CPU
		{72A3CEBF-FAA2-4471-B6CC-02F553B393EA}.Release|Any CPU.ActiveCfg = Release|Any CPU
		{72A3CEBF-FAA2-4471-B6CC-02F553B393EA}.Release|Any CPU.Build.0 = Release|Any CPU
		{D6D386A6-01FB-45AF-9DDC-462D98C91FE2}.Debug|Any CPU.ActiveCfg = Debug|Any CPU
		{D6D386A6-01FB-45AF-9DDC-462D98C91FE2}.Debug|Any CPU.Build.0 = Debug|Any CPU
		{D6D386A6-01FB-45AF-9DDC-462D98C91FE2}.Release|Any CPU.ActiveCfg = Release|Any CPU
		{D6D386A6-01FB-45AF-9DDC-462D98C91FE2}.Release|Any CPU.Build.0 = Release|Any CPU
	EndGlobalSection
	GlobalSection(SolutionProperties) = preSolution
		HideSolutionNode = FALSE
	EndGlobalSection
	GlobalSection(ExtensibilityGlobals) = postSolution
		SolutionGuid = {84415CCC-8D2F-4372-899A-F0FE66D78F84}
	EndGlobalSection
EndGlobal
